// !$*UTF8*$!
{
	archiveVersion = 1;
	classes = {
	};
	objectVersion = 46;
	objects = {

/* Begin PBXBuildFile section */
		670DF93D155D483D00FD2D0B /* UIKit.framework in Frameworks */ = {isa = PBXBuildFile; fileRef = 670DF93C155D483D00FD2D0B /* UIKit.framework */; };
		670DF93F155D483D00FD2D0B /* Foundation.framework in Frameworks */ = {isa = PBXBuildFile; fileRef = 670DF93E155D483D00FD2D0B /* Foundation.framework */; };
		670DF941155D483D00FD2D0B /* CoreGraphics.framework in Frameworks */ = {isa = PBXBuildFile; fileRef = 670DF940155D483D00FD2D0B /* CoreGraphics.framework */; };
		670DF947155D483D00FD2D0B /* InfoPlist.strings in Resources */ = {isa = PBXBuildFile; fileRef = 670DF945155D483D00FD2D0B /* InfoPlist.strings */; };
		670DF949155D483D00FD2D0B /* main.m in Sources */ = {isa = PBXBuildFile; fileRef = 670DF948155D483D00FD2D0B /* main.m */; };
		670DF94D155D483D00FD2D0B /* AppDelegate.m in Sources */ = {isa = PBXBuildFile; fileRef = 670DF94C155D483D00FD2D0B /* AppDelegate.m */; };
		670DF950155D483D00FD2D0B /* ViewController.m in Sources */ = {isa = PBXBuildFile; fileRef = 670DF94F155D483D00FD2D0B /* ViewController.m */; };
		670DF953155D483D00FD2D0B /* ViewController.xib in Resources */ = {isa = PBXBuildFile; fileRef = 670DF951155D483D00FD2D0B /* ViewController.xib */; };
/* End PBXBuildFile section */

/* Begin PBXFileReference section */
		670DF938155D483D00FD2D0B /* HackatonBA.app */ = {isa = PBXFileReference; explicitFileType = wrapper.application; includeInIndex = 0; path = HackatonBA.app; sourceTree = BUILT_PRODUCTS_DIR; };
		670DF93C155D483D00FD2D0B /* UIKit.framework */ = {isa = PBXFileReference; lastKnownFileType = wrapper.framework; name = UIKit.framework; path = System/Library/Frameworks/UIKit.framework; sourceTree = SDKROOT; };
		670DF93E155D483D00FD2D0B /* Foundation.framework */ = {isa = PBXFileReference; lastKnownFileType = wrapper.framework; name = Foundation.framework; path = System/Library/Frameworks/Foundation.framework; sourceTree = SDKROOT; };
		670DF940155D483D00FD2D0B /* CoreGraphics.framework */ = {isa = PBXFileReference; lastKnownFileType = wrapper.framework; name = CoreGraphics.framework; path = System/Library/Frameworks/CoreGraphics.framework; sourceTree = SDKROOT; };
		670DF944155D483D00FD2D0B /* HackatonBA-Info.plist */ = {isa = PBXFileReference; path = "HackatonBA-Info.plist"; sourceTree = "<group>"; };
		670DF946155D483D00FD2D0B /* en */ = {isa = PBXFileReference; lastKnownFileType = text.plist.strings; name = en; path = en.lproj/InfoPlist.strings; sourceTree = "<group>"; };
		670DF948155D483D00FD2D0B /* main.m */ = {isa = PBXFileReference; lastKnownFileType = sourcecode.c.objc; path = main.m; sourceTree = "<group>"; };
		670DF94A155D483D00FD2D0B /* HackatonBA-Prefix.pch */ = {isa = PBXFileReference; path = "HackatonBA-Prefix.pch"; sourceTree = "<group>"; };
		670DF94B155D483D00FD2D0B /* AppDelegate.h */ = {isa = PBXFileReference; path = AppDelegate.h; sourceTree = "<group>"; };
		670DF94C155D483D00FD2D0B /* AppDelegate.m */ = {isa = PBXFileReference; lastKnownFileType = sourcecode.c.objc; path = AppDelegate.m; sourceTree = "<group>"; };
		670DF94E155D483D00FD2D0B /* ViewController.h */ = {isa = PBXFileReference; path = ViewController.h; sourceTree = "<group>"; };
		670DF94F155D483D00FD2D0B /* ViewController.m */ = {isa = PBXFileReference; lastKnownFileType = sourcecode.c.objc; path = ViewController.m; sourceTree = "<group>"; };
		670DF952155D483D00FD2D0B /* en */ = {isa = PBXFileReference; lastKnownFileType = file.xib; name = en; path = en.lproj/ViewController.xib; sourceTree = "<group>"; };
/* End PBXFileReference section */

/* Begin PBXFrameworksBuildPhase section */
		670DF935155D483D00FD2D0B /* Frameworks */ = {
			isa = PBXFrameworksBuildPhase;
			buildActionMask = 2147483647;
			files = (
				670DF93D155D483D00FD2D0B /* UIKit.framework in Frameworks */,
				670DF93F155D483D00FD2D0B /* Foundation.framework in Frameworks */,
				670DF941155D483D00FD2D0B /* CoreGraphics.framework in Frameworks */,
			);
			runOnlyForDeploymentPostprocessing = 0;
		};
/* End PBXFrameworksBuildPhase section */

/* Begin PBXGroup section */
		670DF92D155D483D00FD2D0B = {
			isa = PBXGroup;
			children = (
				670DF942155D483D00FD2D0B /* HackatonBA */,
				670DF93B155D483D00FD2D0B /* Frameworks */,
				670DF939155D483D00FD2D0B /* Products */,
			);
			sourceTree = "<group>";
		};
		670DF939155D483D00FD2D0B /* Products */ = {
			isa = PBXGroup;
			children = (
				670DF938155D483D00FD2D0B /* HackatonBA.app */,
			);
			name = Products;
			sourceTree = "<group>";
		};
		670DF93B155D483D00FD2D0B /* Frameworks */ = {
			isa = PBXGroup;
			children = (
				670DF93C155D483D00FD2D0B /* UIKit.framework */,
				670DF93E155D483D00FD2D0B /* Foundation.framework */,
				670DF940155D483D00FD2D0B /* CoreGraphics.framework */,
			);
			name = Frameworks;
			sourceTree = "<group>";
		};
		670DF942155D483D00FD2D0B /* HackatonBA */ = {
			isa = PBXGroup;
			children = (
				670DF94B155D483D00FD2D0B /* AppDelegate.h */,
				670DF94C155D483D00FD2D0B /* AppDelegate.m */,
				670DF94E155D483D00FD2D0B /* ViewController.h */,
				670DF94F155D483D00FD2D0B /* ViewController.m */,
				670DF951155D483D00FD2D0B /* ViewController.xib */,
				670DF943155D483D00FD2D0B /* Supporting Files */,
			);
			path = HackatonBA;
			sourceTree = "<group>";
		};
		670DF943155D483D00FD2D0B /* Supporting Files */ = {
			isa = PBXGroup;
			children = (
				670DF944155D483D00FD2D0B /* HackatonBA-Info.plist */,
				670DF945155D483D00FD2D0B /* InfoPlist.strings */,
				670DF948155D483D00FD2D0B /* main.m */,
				670DF94A155D483D00FD2D0B /* HackatonBA-Prefix.pch */,
			);
			name = "Supporting Files";
			sourceTree = "<group>";
		};
/* End PBXGroup section */

/* Begin PBXNativeTarget section */
		670DF937155D483D00FD2D0B /* HackatonBA */ = {
			isa = PBXNativeTarget;
			buildConfigurationList = 670DF956155D483D00FD2D0B /* Build configuration list for PBXNativeTarget "HackatonBA" */;
			buildPhases = (
				670DF934155D483D00FD2D0B /* Sources */,
				670DF935155D483D00FD2D0B /* Frameworks */,
				670DF936155D483D00FD2D0B /* Resources */,
			);
			buildRules = (
			);
			dependencies = (
			);
			name = HackatonBA;
			productName = HackatonBA;
			productReference = 670DF938155D483D00FD2D0B /* HackatonBA.app */;
			productType = "com.apple.product-type.application";
		};
/* End PBXNativeTarget section */

/* Begin PBXProject section */
		670DF92F155D483D00FD2D0B /* Project object */ = {
			isa = PBXProject;
			attributes = {
				LastUpgradeCheck = 0430;
			};
			buildConfigurationList = 670DF932155D483D00FD2D0B /* Build configuration list for PBXProject "HackatonBA" */;
			compatibilityVersion = "Xcode 3.2";
			developmentRegion = English;
			hasScannedForEncodings = 0;
			knownRegions = (
				en,
			);
			mainGroup = 670DF92D155D483D00FD2D0B;
			productRefGroup = 670DF939155D483D00FD2D0B /* Products */;
			projectDirPath = "";
			projectRoot = "";
			targets = (
				670DF937155D483D00FD2D0B /* HackatonBA */,
			);
		};
/* End PBXProject section */

/* Begin PBXResourcesBuildPhase section */
		670DF936155D483D00FD2D0B /* Resources */ = {
			isa = PBXResourcesBuildPhase;
			buildActionMask = 2147483647;
			files = (
				670DF947155D483D00FD2D0B /* InfoPlist.strings in Resources */,
				670DF953155D483D00FD2D0B /* ViewController.xib in Resources */,
			);
			runOnlyForDeploymentPostprocessing = 0;
		};
/* End PBXResourcesBuildPhase section */

/* Begin PBXSourcesBuildPhase section */
		670DF934155D483D00FD2D0B /* Sources */ = {
			isa = PBXSourcesBuildPhase;
			buildActionMask = 2147483647;
			files = (
				670DF949155D483D00FD2D0B /* main.m in Sources */,
				670DF94D155D483D00FD2D0B /* AppDelegate.m in Sources */,
				670DF950155D483D00FD2D0B /* ViewController.m in Sources */,
			);
			runOnlyForDeploymentPostprocessing = 0;
		};
/* End PBXSourcesBuildPhase section */

/* Begin PBXVariantGroup section */
		670DF945155D483D00FD2D0B /* InfoPlist.strings */ = {
			isa = PBXVariantGroup;
			children = (
				670DF946155D483D00FD2D0B /* en */,
			);
			name = InfoPlist.strings;
			sourceTree = "<group>";
		};
		670DF951155D483D00FD2D0B /* ViewController.xib */ = {
			isa = PBXVariantGroup;
			children = (
				670DF952155D483D00FD2D0B /* en */,
			);
			name = ViewController.xib;
			sourceTree = "<group>";
		};
/* End PBXVariantGroup section */

/* Begin XCBuildConfiguration section */
		670DF954155D483D00FD2D0B /* Debug */ = {
			isa = XCBuildConfiguration;
			buildSettings = {
				ALWAYS_SEARCH_USER_PATHS = NO;
				ARCHS = "$(ARCHS_STANDARD_32_BIT)";
				"CODE_SIGN_IDENTITY[sdk=iphoneos*]" = "iPhone Developer";
				COPY_PHASE_STRIP = NO;
				GCC_C_LANGUAGE_STANDARD = gnu99;
				GCC_DYNAMIC_NO_PIC = NO;
				GCC_OPTIMIZATION_LEVEL = 0;
				GCC_PREPROCESSOR_DEFINITIONS = (
					"DEBUG=1",
					"$(inherited)",
				);
				GCC_SYMBOLS_PRIVATE_EXTERN = NO;
				GCC_VERSION = com.apple.compilers.llvm.clang.1_0;
				GCC_WARN_ABOUT_RETURN_TYPE = YES;
				GCC_WARN_UNINITIALIZED_AUTOS = YES;
				GCC_WARN_UNUSED_VARIABLE = YES;
				IPHONEOS_DEPLOYMENT_TARGET = 5.1;
				SDKROOT = iphoneos;
			};
			name = Debug;
		};
		670DF955155D483D00FD2D0B /* Release */ = {
			isa = XCBuildConfiguration;
			buildSettings = {
				ALWAYS_SEARCH_USER_PATHS = NO;
				ARCHS = "$(ARCHS_STANDARD_32_BIT)";
				"CODE_SIGN_IDENTITY[sdk=iphoneos*]" = "iPhone Developer";
				COPY_PHASE_STRIP = YES;
				GCC_C_LANGUAGE_STANDARD = gnu99;
				GCC_VERSION = com.apple.compilers.llvm.clang.1_0;
				GCC_WARN_ABOUT_RETURN_TYPE = YES;
				GCC_WARN_UNINITIALIZED_AUTOS = YES;
				GCC_WARN_UNUSED_VARIABLE = YES;
				IPHONEOS_DEPLOYMENT_TARGET = 5.1;
				OTHER_CFLAGS = "-DNS_BLOCK_ASSERTIONS=1";
				SDKROOT = iphoneos;
				VALIDATE_PRODUCT = YES;
			};
			name = Release;
		};
		670DF957155D483D00FD2D0B /* Debug */ = {
			isa = XCBuildConfiguration;
			buildSettings = {
				GCC_PRECOMPILE_PREFIX_HEADER = YES;
				GCC_PREFIX_HEADER = "HackatonBA/HackatonBA-Prefix.pch";
				INFOPLIST_FILE = "HackatonBA/HackatonBA-Info.plist";
				PRODUCT_NAME = "$(TARGET_NAME)";
				WRAPPER_EXTENSION = app;
			};
			name = Debug;
		};
		670DF958155D483D00FD2D0B /* Release */ = {
			isa = XCBuildConfiguration;
			buildSettings = {
				GCC_PRECOMPILE_PREFIX_HEADER = YES;
				GCC_PREFIX_HEADER = "HackatonBA/HackatonBA-Prefix.pch";
				INFOPLIST_FILE = "HackatonBA/HackatonBA-Info.plist";
				PRODUCT_NAME = "$(TARGET_NAME)";
				WRAPPER_EXTENSION = app;
			};
			name = Release;
		};
/* End XCBuildConfiguration section */

/* Begin XCConfigurationList section */
		670DF932155D483D00FD2D0B /* Build configuration list for PBXProject "HackatonBA" */ = {
			isa = XCConfigurationList;
			buildConfigurations = (
				670DF954155D483D00FD2D0B /* Debug */,
				670DF955155D483D00FD2D0B /* Release */,
			);
			defaultConfigurationIsVisible = 0;
			defaultConfigurationName = Release;
		};
		670DF956155D483D00FD2D0B /* Build configuration list for PBXNativeTarget "HackatonBA" */ = {
			isa = XCConfigurationList;
			buildConfigurations = (
				670DF957155D483D00FD2D0B /* Debug */,
				670DF958155D483D00FD2D0B /* Release */,
			);
			defaultConfigurationIsVisible = 0;
		};
/* End XCConfigurationList section */
	};
	rootObject = 670DF92F155D483D00FD2D0B /* Project object */;
}
