// !$*UTF8*$!
{
	archiveVersion = 1;
	classes = {
	};
	objectVersion = 46;
	objects = {

/* Begin PBXBuildFile section */
		670DF93D155D483D00FD2D0B /* UIKit.framework in Frameworks */ = {isa = PBXBuildFile; fileRef = 670DF93C155D483D00FD2D0B /* UIKit.framework */; };
		670DF93F155D483D00FD2D0B /* Foundation.framework in Frameworks */ = {isa = PBXBuildFile; fileRef = 670DF93E155D483D00FD2D0B /* Foundation.framework */; };
		670DF941155D483D00FD2D0B /* CoreGraphics.framework in Frameworks */ = {isa = PBXBuildFile; fileRef = 670DF940155D483D00FD2D0B /* CoreGraphics.framework */; };
		670DF947155D483D00FD2D0B /* InfoPlist.strings in Resources */ = {isa = PBXBuildFile; fileRef = 670DF945155D483D00FD2D0B /* InfoPlist.strings */; };
		670DF949155D483D00FD2D0B /* main.m in Sources */ = {isa = PBXBuildFile; fileRef = 670DF948155D483D00FD2D0B /* main.m */; };
		670DF94D155D483D00FD2D0B /* AppDelegate.m in Sources */ = {isa = PBXBuildFile; fileRef = 670DF94C155D483D00FD2D0B /* AppDelegate.m */; };
		670DF950155D483D00FD2D0B /* ViewController.m in Sources */ = {isa = PBXBuildFile; fileRef = 670DF94F155D483D00FD2D0B /* ViewController.m */; };
		670DF953155D483D00FD2D0B /* ViewController.xib in Resources */ = {isa = PBXBuildFile; fileRef = 670DF951155D483D00FD2D0B /* ViewController.xib */; };
		670DF95C155D49BE00FD2D0B /* ResultViewController.m in Sources */ = {isa = PBXBuildFile; fileRef = 670DF95A155D49BE00FD2D0B /* ResultViewController.m */; };
		670DF95D155D49BE00FD2D0B /* ResultViewController.xib in Resources */ = {isa = PBXBuildFile; fileRef = 670DF95B155D49BE00FD2D0B /* ResultViewController.xib */; };
		670DF960155D4E1600FD2D0B /* ServerAPIManager.m in Sources */ = {isa = PBXBuildFile; fileRef = 670DF95F155D4E1600FD2D0B /* ServerAPIManager.m */; };
		670DF964155D4F4F00FD2D0B /* CoreLocation.framework in Frameworks */ = {isa = PBXBuildFile; fileRef = 670DF963155D4F4F00FD2D0B /* CoreLocation.framework */; };
		670DF984155D5D1600FD2D0B /* ASIAuthenticationDialog.m in Sources */ = {isa = PBXBuildFile; fileRef = 670DF96F155D5D1600FD2D0B /* ASIAuthenticationDialog.m */; };
		670DF985155D5D1600FD2D0B /* ASIDataCompressor.m in Sources */ = {isa = PBXBuildFile; fileRef = 670DF972155D5D1600FD2D0B /* ASIDataCompressor.m */; };
		670DF986155D5D1600FD2D0B /* ASIDataDecompressor.m in Sources */ = {isa = PBXBuildFile; fileRef = 670DF974155D5D1600FD2D0B /* ASIDataDecompressor.m */; };
		670DF987155D5D1600FD2D0B /* ASIDownloadCache.m in Sources */ = {isa = PBXBuildFile; fileRef = 670DF976155D5D1600FD2D0B /* ASIDownloadCache.m */; };
		670DF988155D5D1600FD2D0B /* ASIFormDataRequest.m in Sources */ = {isa = PBXBuildFile; fileRef = 670DF978155D5D1600FD2D0B /* ASIFormDataRequest.m */; };
		670DF989155D5D1600FD2D0B /* ASIHTTPRequest.m in Sources */ = {isa = PBXBuildFile; fileRef = 670DF97A155D5D1600FD2D0B /* ASIHTTPRequest.m */; };
		670DF98A155D5D1600FD2D0B /* ASIInputStream.m in Sources */ = {isa = PBXBuildFile; fileRef = 670DF97E155D5D1600FD2D0B /* ASIInputStream.m */; };
		670DF98B155D5D1600FD2D0B /* ASINetworkQueue.m in Sources */ = {isa = PBXBuildFile; fileRef = 670DF980155D5D1600FD2D0B /* ASINetworkQueue.m */; };
		670DF98C155D5D1600FD2D0B /* Reachability.m in Sources */ = {isa = PBXBuildFile; fileRef = 670DF983155D5D1600FD2D0B /* Reachability.m */; };
		670DF98E155D621F00FD2D0B /* CFNetwork.framework in Frameworks */ = {isa = PBXBuildFile; fileRef = 670DF98D155D621F00FD2D0B /* CFNetwork.framework */; };
		670DF990155D627100FD2D0B /* SystemConfiguration.framework in Frameworks */ = {isa = PBXBuildFile; fileRef = 670DF98F155D627100FD2D0B /* SystemConfiguration.framework */; };
		670DF992155D628900FD2D0B /* MobileCoreServices.framework in Frameworks */ = {isa = PBXBuildFile; fileRef = 670DF991155D628900FD2D0B /* MobileCoreServices.framework */; };
		670DF994155D62C700FD2D0B /* libz.dylib in Frameworks */ = {isa = PBXBuildFile; fileRef = 670DF993155D62C700FD2D0B /* libz.dylib */; };
		67FEA13D155D6B0A00218F75 /* MapSelectionViewController.m in Sources */ = {isa = PBXBuildFile; fileRef = 67FEA13B155D6B0A00218F75 /* MapSelectionViewController.m */; };
		67FEA13E155D6B0A00218F75 /* MapSelectionViewController.xib in Resources */ = {isa = PBXBuildFile; fileRef = 67FEA13C155D6B0A00218F75 /* MapSelectionViewController.xib */; };
		67FEA141155D76F900218F75 /* MapKit.framework in Frameworks */ = {isa = PBXBuildFile; fileRef = 67FEA140155D76F900218F75 /* MapKit.framework */; };
		67FEA144155D7C8300218F75 /* LocationManager.m in Sources */ = {isa = PBXBuildFile; fileRef = 67FEA143155D7C8300218F75 /* LocationManager.m */; };
		67FEA148155D909C00218F75 /* LocationPin.m in Sources */ = {isa = PBXBuildFile; fileRef = 67FEA147155D909C00218F75 /* LocationPin.m */; };
		67FEA153155D9F7E00218F75 /* LoadingScreenView.m in Sources */ = {isa = PBXBuildFile; fileRef = 67FEA152155D9F7E00218F75 /* LoadingScreenView.m */; };
/* End PBXBuildFile section */

/* Begin PBXFileReference section */
		670DF938155D483D00FD2D0B /* HackatonBA.app */ = {isa = PBXFileReference; explicitFileType = wrapper.application; includeInIndex = 0; path = HackatonBA.app; sourceTree = BUILT_PRODUCTS_DIR; };
		670DF93C155D483D00FD2D0B /* UIKit.framework */ = {isa = PBXFileReference; lastKnownFileType = wrapper.framework; name = UIKit.framework; path = System/Library/Frameworks/UIKit.framework; sourceTree = SDKROOT; };
		670DF93E155D483D00FD2D0B /* Foundation.framework */ = {isa = PBXFileReference; lastKnownFileType = wrapper.framework; name = Foundation.framework; path = System/Library/Frameworks/Foundation.framework; sourceTree = SDKROOT; };
		670DF940155D483D00FD2D0B /* CoreGraphics.framework */ = {isa = PBXFileReference; lastKnownFileType = wrapper.framework; name = CoreGraphics.framework; path = System/Library/Frameworks/CoreGraphics.framework; sourceTree = SDKROOT; };
		670DF944155D483D00FD2D0B /* HackatonBA-Info.plist */ = {isa = PBXFileReference; lastKnownFileType = text.plist.xml; path = "HackatonBA-Info.plist"; sourceTree = "<group>"; };
		670DF946155D483D00FD2D0B /* en */ = {isa = PBXFileReference; lastKnownFileType = text.plist.strings; name = en; path = en.lproj/InfoPlist.strings; sourceTree = "<group>"; };
		670DF948155D483D00FD2D0B /* main.m */ = {isa = PBXFileReference; lastKnownFileType = sourcecode.c.objc; path = main.m; sourceTree = "<group>"; };
		670DF94A155D483D00FD2D0B /* HackatonBA-Prefix.pch */ = {isa = PBXFileReference; lastKnownFileType = sourcecode.c.h; path = "HackatonBA-Prefix.pch"; sourceTree = "<group>"; };
		670DF94B155D483D00FD2D0B /* AppDelegate.h */ = {isa = PBXFileReference; lastKnownFileType = sourcecode.c.h; path = AppDelegate.h; sourceTree = "<group>"; };
		670DF94C155D483D00FD2D0B /* AppDelegate.m */ = {isa = PBXFileReference; lastKnownFileType = sourcecode.c.objc; path = AppDelegate.m; sourceTree = "<group>"; };
		670DF94E155D483D00FD2D0B /* ViewController.h */ = {isa = PBXFileReference; lastKnownFileType = sourcecode.c.h; path = ViewController.h; sourceTree = "<group>"; };
		670DF94F155D483D00FD2D0B /* ViewController.m */ = {isa = PBXFileReference; lastKnownFileType = sourcecode.c.objc; path = ViewController.m; sourceTree = "<group>"; };
		670DF952155D483D00FD2D0B /* en */ = {isa = PBXFileReference; lastKnownFileType = file.xib; name = en; path = en.lproj/ViewController.xib; sourceTree = "<group>"; };
		670DF959155D49BE00FD2D0B /* ResultViewController.h */ = {isa = PBXFileReference; fileEncoding = 4; lastKnownFileType = sourcecode.c.h; path = ResultViewController.h; sourceTree = "<group>"; };
		670DF95A155D49BE00FD2D0B /* ResultViewController.m */ = {isa = PBXFileReference; fileEncoding = 4; lastKnownFileType = sourcecode.c.objc; path = ResultViewController.m; sourceTree = "<group>"; };
		670DF95B155D49BE00FD2D0B /* ResultViewController.xib */ = {isa = PBXFileReference; fileEncoding = 4; lastKnownFileType = file.xib; path = ResultViewController.xib; sourceTree = "<group>"; };
		670DF95E155D4E1600FD2D0B /* ServerAPIManager.h */ = {isa = PBXFileReference; fileEncoding = 4; lastKnownFileType = sourcecode.c.h; path = ServerAPIManager.h; sourceTree = "<group>"; };
		670DF95F155D4E1600FD2D0B /* ServerAPIManager.m */ = {isa = PBXFileReference; fileEncoding = 4; lastKnownFileType = sourcecode.c.objc; path = ServerAPIManager.m; sourceTree = "<group>"; };
		670DF963155D4F4F00FD2D0B /* CoreLocation.framework */ = {isa = PBXFileReference; lastKnownFileType = wrapper.framework; name = CoreLocation.framework; path = System/Library/Frameworks/CoreLocation.framework; sourceTree = SDKROOT; };
		670DF96A155D514700FD2D0B /* SynthesizeSingleton.h */ = {isa = PBXFileReference; lastKnownFileType = sourcecode.c.h; path = SynthesizeSingleton.h; sourceTree = "<group>"; };
		670DF96E155D5D1600FD2D0B /* ASIAuthenticationDialog.h */ = {isa = PBXFileReference; fileEncoding = 4; lastKnownFileType = sourcecode.c.h; path = ASIAuthenticationDialog.h; sourceTree = "<group>"; };
		670DF96F155D5D1600FD2D0B /* ASIAuthenticationDialog.m */ = {isa = PBXFileReference; fileEncoding = 4; lastKnownFileType = sourcecode.c.objc; path = ASIAuthenticationDialog.m; sourceTree = "<group>"; };
		670DF970155D5D1600FD2D0B /* ASICacheDelegate.h */ = {isa = PBXFileReference; fileEncoding = 4; lastKnownFileType = sourcecode.c.h; path = ASICacheDelegate.h; sourceTree = "<group>"; };
		670DF971155D5D1600FD2D0B /* ASIDataCompressor.h */ = {isa = PBXFileReference; fileEncoding = 4; lastKnownFileType = sourcecode.c.h; path = ASIDataCompressor.h; sourceTree = "<group>"; };
		670DF972155D5D1600FD2D0B /* ASIDataCompressor.m */ = {isa = PBXFileReference; fileEncoding = 4; lastKnownFileType = sourcecode.c.objc; path = ASIDataCompressor.m; sourceTree = "<group>"; };
		670DF973155D5D1600FD2D0B /* ASIDataDecompressor.h */ = {isa = PBXFileReference; fileEncoding = 4; lastKnownFileType = sourcecode.c.h; path = ASIDataDecompressor.h; sourceTree = "<group>"; };
		670DF974155D5D1600FD2D0B /* ASIDataDecompressor.m */ = {isa = PBXFileReference; fileEncoding = 4; lastKnownFileType = sourcecode.c.objc; path = ASIDataDecompressor.m; sourceTree = "<group>"; };
		670DF975155D5D1600FD2D0B /* ASIDownloadCache.h */ = {isa = PBXFileReference; fileEncoding = 4; lastKnownFileType = sourcecode.c.h; path = ASIDownloadCache.h; sourceTree = "<group>"; };
		670DF976155D5D1600FD2D0B /* ASIDownloadCache.m */ = {isa = PBXFileReference; fileEncoding = 4; lastKnownFileType = sourcecode.c.objc; path = ASIDownloadCache.m; sourceTree = "<group>"; };
		670DF977155D5D1600FD2D0B /* ASIFormDataRequest.h */ = {isa = PBXFileReference; fileEncoding = 4; lastKnownFileType = sourcecode.c.h; path = ASIFormDataRequest.h; sourceTree = "<group>"; };
		670DF978155D5D1600FD2D0B /* ASIFormDataRequest.m */ = {isa = PBXFileReference; fileEncoding = 4; lastKnownFileType = sourcecode.c.objc; path = ASIFormDataRequest.m; sourceTree = "<group>"; };
		670DF979155D5D1600FD2D0B /* ASIHTTPRequest.h */ = {isa = PBXFileReference; fileEncoding = 4; lastKnownFileType = sourcecode.c.h; path = ASIHTTPRequest.h; sourceTree = "<group>"; };
		670DF97A155D5D1600FD2D0B /* ASIHTTPRequest.m */ = {isa = PBXFileReference; fileEncoding = 4; lastKnownFileType = sourcecode.c.objc; path = ASIHTTPRequest.m; sourceTree = "<group>"; };
		670DF97B155D5D1600FD2D0B /* ASIHTTPRequestConfig.h */ = {isa = PBXFileReference; fileEncoding = 4; lastKnownFileType = sourcecode.c.h; path = ASIHTTPRequestConfig.h; sourceTree = "<group>"; };
		670DF97C155D5D1600FD2D0B /* ASIHTTPRequestDelegate.h */ = {isa = PBXFileReference; fileEncoding = 4; lastKnownFileType = sourcecode.c.h; path = ASIHTTPRequestDelegate.h; sourceTree = "<group>"; };
		670DF97D155D5D1600FD2D0B /* ASIInputStream.h */ = {isa = PBXFileReference; fileEncoding = 4; lastKnownFileType = sourcecode.c.h; path = ASIInputStream.h; sourceTree = "<group>"; };
		670DF97E155D5D1600FD2D0B /* ASIInputStream.m */ = {isa = PBXFileReference; fileEncoding = 4; lastKnownFileType = sourcecode.c.objc; path = ASIInputStream.m; sourceTree = "<group>"; };
		670DF97F155D5D1600FD2D0B /* ASINetworkQueue.h */ = {isa = PBXFileReference; fileEncoding = 4; lastKnownFileType = sourcecode.c.h; path = ASINetworkQueue.h; sourceTree = "<group>"; };
		670DF980155D5D1600FD2D0B /* ASINetworkQueue.m */ = {isa = PBXFileReference; fileEncoding = 4; lastKnownFileType = sourcecode.c.objc; path = ASINetworkQueue.m; sourceTree = "<group>"; };
		670DF981155D5D1600FD2D0B /* ASIProgressDelegate.h */ = {isa = PBXFileReference; fileEncoding = 4; lastKnownFileType = sourcecode.c.h; path = ASIProgressDelegate.h; sourceTree = "<group>"; };
		670DF982155D5D1600FD2D0B /* Reachability.h */ = {isa = PBXFileReference; fileEncoding = 4; lastKnownFileType = sourcecode.c.h; path = Reachability.h; sourceTree = "<group>"; };
		670DF983155D5D1600FD2D0B /* Reachability.m */ = {isa = PBXFileReference; fileEncoding = 4; lastKnownFileType = sourcecode.c.objc; path = Reachability.m; sourceTree = "<group>"; };
		670DF98D155D621F00FD2D0B /* CFNetwork.framework */ = {isa = PBXFileReference; lastKnownFileType = wrapper.framework; name = CFNetwork.framework; path = System/Library/Frameworks/CFNetwork.framework; sourceTree = SDKROOT; };
		670DF98F155D627100FD2D0B /* SystemConfiguration.framework */ = {isa = PBXFileReference; lastKnownFileType = wrapper.framework; name = SystemConfiguration.framework; path = System/Library/Frameworks/SystemConfiguration.framework; sourceTree = SDKROOT; };
		670DF991155D628900FD2D0B /* MobileCoreServices.framework */ = {isa = PBXFileReference; lastKnownFileType = wrapper.framework; name = MobileCoreServices.framework; path = System/Library/Frameworks/MobileCoreServices.framework; sourceTree = SDKROOT; };
		670DF993155D62C700FD2D0B /* libz.dylib */ = {isa = PBXFileReference; lastKnownFileType = "compiled.mach-o.dylib"; name = libz.dylib; path = usr/lib/libz.dylib; sourceTree = SDKROOT; };
		67FEA13A155D6B0A00218F75 /* MapSelectionViewController.h */ = {isa = PBXFileReference; fileEncoding = 4; lastKnownFileType = sourcecode.c.h; path = MapSelectionViewController.h; sourceTree = "<group>"; };
		67FEA13B155D6B0A00218F75 /* MapSelectionViewController.m */ = {isa = PBXFileReference; fileEncoding = 4; lastKnownFileType = sourcecode.c.objc; path = MapSelectionViewController.m; sourceTree = "<group>"; };
		67FEA13C155D6B0A00218F75 /* MapSelectionViewController.xib */ = {isa = PBXFileReference; fileEncoding = 4; lastKnownFileType = file.xib; path = MapSelectionViewController.xib; sourceTree = "<group>"; };
		67FEA140155D76F900218F75 /* MapKit.framework */ = {isa = PBXFileReference; lastKnownFileType = wrapper.framework; name = MapKit.framework; path = System/Library/Frameworks/MapKit.framework; sourceTree = SDKROOT; };
		67FEA142155D7C8300218F75 /* LocationManager.h */ = {isa = PBXFileReference; fileEncoding = 4; lastKnownFileType = sourcecode.c.h; path = LocationManager.h; sourceTree = "<group>"; };
		67FEA143155D7C8300218F75 /* LocationManager.m */ = {isa = PBXFileReference; fileEncoding = 4; lastKnownFileType = sourcecode.c.objc; path = LocationManager.m; sourceTree = "<group>"; };
		67FEA145155D7F9000218F75 /* LocationManagerDelegateProtocol.h */ = {isa = PBXFileReference; lastKnownFileType = sourcecode.c.h; path = LocationManagerDelegateProtocol.h; sourceTree = "<group>"; };
		67FEA146155D909C00218F75 /* LocationPin.h */ = {isa = PBXFileReference; fileEncoding = 4; lastKnownFileType = sourcecode.c.h; path = LocationPin.h; sourceTree = "<group>"; };
		67FEA147155D909C00218F75 /* LocationPin.m */ = {isa = PBXFileReference; fileEncoding = 4; lastKnownFileType = sourcecode.c.objc; path = LocationPin.m; sourceTree = "<group>"; };
		67FEA151155D9F7E00218F75 /* LoadingScreenView.h */ = {isa = PBXFileReference; fileEncoding = 4; lastKnownFileType = sourcecode.c.h; path = LoadingScreenView.h; sourceTree = "<group>"; };
		67FEA152155D9F7E00218F75 /* LoadingScreenView.m */ = {isa = PBXFileReference; fileEncoding = 4; lastKnownFileType = sourcecode.c.objc; path = LoadingScreenView.m; sourceTree = "<group>"; };
/* End PBXFileReference section */

/* Begin PBXFrameworksBuildPhase section */
		670DF935155D483D00FD2D0B /* Frameworks */ = {
			isa = PBXFrameworksBuildPhase;
			buildActionMask = 2147483647;
			files = (
				67FEA141155D76F900218F75 /* MapKit.framework in Frameworks */,
				670DF994155D62C700FD2D0B /* libz.dylib in Frameworks */,
				670DF992155D628900FD2D0B /* MobileCoreServices.framework in Frameworks */,
				670DF990155D627100FD2D0B /* SystemConfiguration.framework in Frameworks */,
				670DF98E155D621F00FD2D0B /* CFNetwork.framework in Frameworks */,
				670DF964155D4F4F00FD2D0B /* CoreLocation.framework in Frameworks */,
				670DF93D155D483D00FD2D0B /* UIKit.framework in Frameworks */,
				670DF93F155D483D00FD2D0B /* Foundation.framework in Frameworks */,
				670DF941155D483D00FD2D0B /* CoreGraphics.framework in Frameworks */,
			);
			runOnlyForDeploymentPostprocessing = 0;
		};
/* End PBXFrameworksBuildPhase section */

/* Begin PBXGroup section */
		670DF92D155D483D00FD2D0B = {
			isa = PBXGroup;
			children = (
				670DF942155D483D00FD2D0B /* HackatonBA */,
				670DF93B155D483D00FD2D0B /* Frameworks */,
				670DF939155D483D00FD2D0B /* Products */,
			);
			sourceTree = "<group>";
		};
		670DF939155D483D00FD2D0B /* Products */ = {
			isa = PBXGroup;
			children = (
				670DF938155D483D00FD2D0B /* HackatonBA.app */,
			);
			name = Products;
			sourceTree = "<group>";
		};
		670DF93B155D483D00FD2D0B /* Frameworks */ = {
			isa = PBXGroup;
			children = (
				670DF993155D62C700FD2D0B /* libz.dylib */,
				67FEA140155D76F900218F75 /* MapKit.framework */,
				670DF991155D628900FD2D0B /* MobileCoreServices.framework */,
				670DF98F155D627100FD2D0B /* SystemConfiguration.framework */,
				670DF98D155D621F00FD2D0B /* CFNetwork.framework */,
				670DF963155D4F4F00FD2D0B /* CoreLocation.framework */,
				670DF93C155D483D00FD2D0B /* UIKit.framework */,
				670DF93E155D483D00FD2D0B /* Foundation.framework */,
				670DF940155D483D00FD2D0B /* CoreGraphics.framework */,
			);
			name = Frameworks;
			sourceTree = "<group>";
		};
		670DF942155D483D00FD2D0B /* HackatonBA */ = {
			isa = PBXGroup;
			children = (
				67FEA149155D93BF00218F75 /* Entities */,
				670DF96B155D5CFB00FD2D0B /* libs */,
				670DF962155D4F0300FD2D0B /* Model */,
				670DF961155D4EF700FD2D0B /* Controller */,
				670DF94B155D483D00FD2D0B /* AppDelegate.h */,
				670DF94C155D483D00FD2D0B /* AppDelegate.m */,
				670DF96A155D514700FD2D0B /* SynthesizeSingleton.h */,
				67FEA151155D9F7E00218F75 /* LoadingScreenView.h */,
				67FEA152155D9F7E00218F75 /* LoadingScreenView.m */,
				670DF943155D483D00FD2D0B /* Supporting Files */,
			);
			path = HackatonBA;
			sourceTree = "<group>";
		};
		670DF943155D483D00FD2D0B /* Supporting Files */ = {
			isa = PBXGroup;
			children = (
				670DF944155D483D00FD2D0B /* HackatonBA-Info.plist */,
				670DF945155D483D00FD2D0B /* InfoPlist.strings */,
				670DF948155D483D00FD2D0B /* main.m */,
				670DF94A155D483D00FD2D0B /* HackatonBA-Prefix.pch */,
			);
			name = "Supporting Files";
			sourceTree = "<group>";
		};
		670DF961155D4EF700FD2D0B /* Controller */ = {
			isa = PBXGroup;
			children = (
				670DF94E155D483D00FD2D0B /* ViewController.h */,
				670DF94F155D483D00FD2D0B /* ViewController.m */,
				670DF951155D483D00FD2D0B /* ViewController.xib */,
				670DF959155D49BE00FD2D0B /* ResultViewController.h */,
				670DF95A155D49BE00FD2D0B /* ResultViewController.m */,
				670DF95B155D49BE00FD2D0B /* ResultViewController.xib */,
				67FEA13A155D6B0A00218F75 /* MapSelectionViewController.h */,
				67FEA13B155D6B0A00218F75 /* MapSelectionViewController.m */,
				67FEA13C155D6B0A00218F75 /* MapSelectionViewController.xib */,
			);
			name = Controller;
			sourceTree = "<group>";
		};
		670DF962155D4F0300FD2D0B /* Model */ = {
			isa = PBXGroup;
			children = (
				670DF95E155D4E1600FD2D0B /* ServerAPIManager.h */,
				670DF95F155D4E1600FD2D0B /* ServerAPIManager.m */,
				67FEA142155D7C8300218F75 /* LocationManager.h */,
				67FEA143155D7C8300218F75 /* LocationManager.m */,
				67FEA145155D7F9000218F75 /* LocationManagerDelegateProtocol.h */,
			);
			name = Model;
			sourceTree = "<group>";
		};
		670DF96B155D5CFB00FD2D0B /* libs */ = {
			isa = PBXGroup;
			children = (
				670DF96D155D5D1600FD2D0B /* ASIHTTPRequest */,
			);
			name = libs;
			sourceTree = "<group>";
		};
		670DF96D155D5D1600FD2D0B /* ASIHTTPRequest */ = {
			isa = PBXGroup;
			children = (
				670DF96E155D5D1600FD2D0B /* ASIAuthenticationDialog.h */,
				670DF96F155D5D1600FD2D0B /* ASIAuthenticationDialog.m */,
				670DF970155D5D1600FD2D0B /* ASICacheDelegate.h */,
				670DF971155D5D1600FD2D0B /* ASIDataCompressor.h */,
				670DF972155D5D1600FD2D0B /* ASIDataCompressor.m */,
				670DF973155D5D1600FD2D0B /* ASIDataDecompressor.h */,
				670DF974155D5D1600FD2D0B /* ASIDataDecompressor.m */,
				670DF975155D5D1600FD2D0B /* ASIDownloadCache.h */,
				670DF976155D5D1600FD2D0B /* ASIDownloadCache.m */,
				670DF977155D5D1600FD2D0B /* ASIFormDataRequest.h */,
				670DF978155D5D1600FD2D0B /* ASIFormDataRequest.m */,
				670DF979155D5D1600FD2D0B /* ASIHTTPRequest.h */,
				670DF97A155D5D1600FD2D0B /* ASIHTTPRequest.m */,
				670DF97B155D5D1600FD2D0B /* ASIHTTPRequestConfig.h */,
				670DF97C155D5D1600FD2D0B /* ASIHTTPRequestDelegate.h */,
				670DF97D155D5D1600FD2D0B /* ASIInputStream.h */,
				670DF97E155D5D1600FD2D0B /* ASIInputStream.m */,
				670DF97F155D5D1600FD2D0B /* ASINetworkQueue.h */,
				670DF980155D5D1600FD2D0B /* ASINetworkQueue.m */,
				670DF981155D5D1600FD2D0B /* ASIProgressDelegate.h */,
				670DF982155D5D1600FD2D0B /* Reachability.h */,
				670DF983155D5D1600FD2D0B /* Reachability.m */,
			);
			name = ASIHTTPRequest;
			path = libs/ASIHTTPRequest;
			sourceTree = "<group>";
		};
		67FEA149155D93BF00218F75 /* Entities */ = {
			isa = PBXGroup;
			children = (
				67FEA146155D909C00218F75 /* LocationPin.h */,
				67FEA147155D909C00218F75 /* LocationPin.m */,
			);
			name = Entities;
			sourceTree = "<group>";
		};
/* End PBXGroup section */

/* Begin PBXNativeTarget section */
		670DF937155D483D00FD2D0B /* HackatonBA */ = {
			isa = PBXNativeTarget;
			buildConfigurationList = 670DF956155D483D00FD2D0B /* Build configuration list for PBXNativeTarget "HackatonBA" */;
			buildPhases = (
				670DF934155D483D00FD2D0B /* Sources */,
				670DF935155D483D00FD2D0B /* Frameworks */,
				670DF936155D483D00FD2D0B /* Resources */,
			);
			buildRules = (
			);
			dependencies = (
			);
			name = HackatonBA;
			productName = HackatonBA;
			productReference = 670DF938155D483D00FD2D0B /* HackatonBA.app */;
			productType = "com.apple.product-type.application";
		};
/* End PBXNativeTarget section */

/* Begin PBXProject section */
		670DF92F155D483D00FD2D0B /* Project object */ = {
			isa = PBXProject;
			attributes = {
				LastUpgradeCheck = 0430;
			};
			buildConfigurationList = 670DF932155D483D00FD2D0B /* Build configuration list for PBXProject "HackatonBA" */;
			compatibilityVersion = "Xcode 3.2";
			developmentRegion = English;
			hasScannedForEncodings = 0;
			knownRegions = (
				en,
			);
			mainGroup = 670DF92D155D483D00FD2D0B;
			productRefGroup = 670DF939155D483D00FD2D0B /* Products */;
			projectDirPath = "";
			projectRoot = "";
			targets = (
				670DF937155D483D00FD2D0B /* HackatonBA */,
			);
		};
/* End PBXProject section */

/* Begin PBXResourcesBuildPhase section */
		670DF936155D483D00FD2D0B /* Resources */ = {
			isa = PBXResourcesBuildPhase;
			buildActionMask = 2147483647;
			files = (
				670DF947155D483D00FD2D0B /* InfoPlist.strings in Resources */,
				670DF953155D483D00FD2D0B /* ViewController.xib in Resources */,
				670DF95D155D49BE00FD2D0B /* ResultViewController.xib in Resources */,
				67FEA13E155D6B0A00218F75 /* MapSelectionViewController.xib in Resources */,
			);
			runOnlyForDeploymentPostprocessing = 0;
		};
/* End PBXResourcesBuildPhase section */

/* Begin PBXSourcesBuildPhase section */
		670DF934155D483D00FD2D0B /* Sources */ = {
			isa = PBXSourcesBuildPhase;
			buildActionMask = 2147483647;
			files = (
				670DF949155D483D00FD2D0B /* main.m in Sources */,
				670DF94D155D483D00FD2D0B /* AppDelegate.m in Sources */,
				670DF950155D483D00FD2D0B /* ViewController.m in Sources */,
				670DF95C155D49BE00FD2D0B /* ResultViewController.m in Sources */,
				670DF960155D4E1600FD2D0B /* ServerAPIManager.m in Sources */,
				670DF984155D5D1600FD2D0B /* ASIAuthenticationDialog.m in Sources */,
				670DF985155D5D1600FD2D0B /* ASIDataCompressor.m in Sources */,
				670DF986155D5D1600FD2D0B /* ASIDataDecompressor.m in Sources */,
				670DF987155D5D1600FD2D0B /* ASIDownloadCache.m in Sources */,
				670DF988155D5D1600FD2D0B /* ASIFormDataRequest.m in Sources */,
				670DF989155D5D1600FD2D0B /* ASIHTTPRequest.m in Sources */,
				670DF98A155D5D1600FD2D0B /* ASIInputStream.m in Sources */,
				670DF98B155D5D1600FD2D0B /* ASINetworkQueue.m in Sources */,
				670DF98C155D5D1600FD2D0B /* Reachability.m in Sources */,
				67FEA13D155D6B0A00218F75 /* MapSelectionViewController.m in Sources */,
				67FEA144155D7C8300218F75 /* LocationManager.m in Sources */,
				67FEA148155D909C00218F75 /* LocationPin.m in Sources */,
				67FEA153155D9F7E00218F75 /* LoadingScreenView.m in Sources */,
			);
			runOnlyForDeploymentPostprocessing = 0;
		};
/* End PBXSourcesBuildPhase section */

/* Begin PBXVariantGroup section */
		670DF945155D483D00FD2D0B /* InfoPlist.strings */ = {
			isa = PBXVariantGroup;
			children = (
				670DF946155D483D00FD2D0B /* en */,
			);
			name = InfoPlist.strings;
			sourceTree = "<group>";
		};
		670DF951155D483D00FD2D0B /* ViewController.xib */ = {
			isa = PBXVariantGroup;
			children = (
				670DF952155D483D00FD2D0B /* en */,
			);
			name = ViewController.xib;
			sourceTree = "<group>";
		};
/* End PBXVariantGroup section */

/* Begin XCBuildConfiguration section */
		670DF954155D483D00FD2D0B /* Debug */ = {
			isa = XCBuildConfiguration;
			buildSettings = {
				ALWAYS_SEARCH_USER_PATHS = NO;
				ARCHS = "$(ARCHS_STANDARD_32_BIT)";
				CODE_SIGN_IDENTITY = "iPhone Developer";
				"CODE_SIGN_IDENTITY[sdk=iphoneos*]" = "iPhone Developer";
				COPY_PHASE_STRIP = NO;
				GCC_C_LANGUAGE_STANDARD = gnu99;
				GCC_DYNAMIC_NO_PIC = NO;
				GCC_OPTIMIZATION_LEVEL = 0;
				GCC_PREPROCESSOR_DEFINITIONS = (
					"DEBUG=1",
					"$(inherited)",
				);
				GCC_SYMBOLS_PRIVATE_EXTERN = NO;
				GCC_VERSION = com.apple.compilers.llvm.clang.1_0;
				GCC_WARN_ABOUT_RETURN_TYPE = YES;
				GCC_WARN_UNINITIALIZED_AUTOS = YES;
				GCC_WARN_UNUSED_VARIABLE = YES;
				IPHONEOS_DEPLOYMENT_TARGET = 5.1;
				PROVISIONING_PROFILE = "";
				SDKROOT = iphoneos;
			};
			name = Debug;
		};
		670DF955155D483D00FD2D0B /* Release */ = {
			isa = XCBuildConfiguration;
			buildSettings = {
				ALWAYS_SEARCH_USER_PATHS = NO;
				ARCHS = "$(ARCHS_STANDARD_32_BIT)";
				"CODE_SIGN_IDENTITY[sdk=iphoneos*]" = "iPhone Developer";
				COPY_PHASE_STRIP = YES;
				GCC_C_LANGUAGE_STANDARD = gnu99;
				GCC_VERSION = com.apple.compilers.llvm.clang.1_0;
				GCC_WARN_ABOUT_RETURN_TYPE = YES;
				GCC_WARN_UNINITIALIZED_AUTOS = YES;
				GCC_WARN_UNUSED_VARIABLE = YES;
				IPHONEOS_DEPLOYMENT_TARGET = 5.1;
				OTHER_CFLAGS = "-DNS_BLOCK_ASSERTIONS=1";
				SDKROOT = iphoneos;
				VALIDATE_PRODUCT = YES;
			};
			name = Release;
		};
		670DF957155D483D00FD2D0B /* Debug */ = {
			isa = XCBuildConfiguration;
			buildSettings = {
				GCC_PRECOMPILE_PREFIX_HEADER = YES;
				GCC_PREFIX_HEADER = "HackatonBA/HackatonBA-Prefix.pch";
				INFOPLIST_FILE = "HackatonBA/HackatonBA-Info.plist";
				PRODUCT_NAME = "$(TARGET_NAME)";
				WRAPPER_EXTENSION = app;
			};
			name = Debug;
		};
		670DF958155D483D00FD2D0B /* Release */ = {
			isa = XCBuildConfiguration;
			buildSettings = {
				GCC_PRECOMPILE_PREFIX_HEADER = YES;
				GCC_PREFIX_HEADER = "HackatonBA/HackatonBA-Prefix.pch";
				INFOPLIST_FILE = "HackatonBA/HackatonBA-Info.plist";
				PRODUCT_NAME = "$(TARGET_NAME)";
				WRAPPER_EXTENSION = app;
			};
			name = Release;
		};
/* End XCBuildConfiguration section */

/* Begin XCConfigurationList section */
		670DF932155D483D00FD2D0B /* Build configuration list for PBXProject "HackatonBA" */ = {
			isa = XCConfigurationList;
			buildConfigurations = (
				670DF954155D483D00FD2D0B /* Debug */,
				670DF955155D483D00FD2D0B /* Release */,
			);
			defaultConfigurationIsVisible = 0;
			defaultConfigurationName = Release;
		};
		670DF956155D483D00FD2D0B /* Build configuration list for PBXNativeTarget "HackatonBA" */ = {
			isa = XCConfigurationList;
			buildConfigurations = (
				670DF957155D483D00FD2D0B /* Debug */,
				670DF958155D483D00FD2D0B /* Release */,
			);
			defaultConfigurationIsVisible = 0;
			defaultConfigurationName = Release;
		};
/* End XCConfigurationList section */
	};
	rootObject = 670DF92F155D483D00FD2D0B /* Project object */;
}
